
Microsoft Visual Studio Solution File, Format Version 12.00
# Visual Studio 15
VisualStudioVersion = 15.0.28307.421
MinimumVisualStudioVersion = 10.0.40219.1
Project("{4DF76451-A46A-4C0B-BE03-459FAAFA07E6}") = "NolockDataLakeCustomConnector", "NolockDataLakeCustomConnector\NolockDataLakeCustomConnector.mproj", "{948DA57E-4D92-4639-890C-C5D7072722D3}"
EndProject
Global
	GlobalSection(SolutionConfigurationPlatforms) = preSolution
		Debug|x86 = Debug|x86
		Release|x86 = Release|x86
	EndGlobalSection
	GlobalSection(ProjectConfigurationPlatforms) = postSolution
		{948DA57E-4D92-4639-890C-C5D7072722D3}.Debug|x86.ActiveCfg = Debug|x86
		{948DA57E-4D92-4639-890C-C5D7072722D3}.Debug|x86.Build.0 = Debug|x86
		{948DA57E-4D92-4639-890C-C5D7072722D3}.Release|x86.ActiveCfg = Release|x86
		{948DA57E-4D92-4639-890C-C5D7072722D3}.Release|x86.Build.0 = Release|x86
	EndGlobalSection
	GlobalSection(SolutionProperties) = preSolution
		HideSolutionNode = FALSE
	EndGlobalSection
	GlobalSection(ExtensibilityGlobals) = postSolution
		SolutionGuid = {918948FC-C5CB-49D3-B8B0-B7D933CC1643}
	EndGlobalSection
EndGlobal
